
Microsoft Visual Studio Solution File, Format Version 12.00
# Visual Studio 15
VisualStudioVersion = 15.0.28307.705
MinimumVisualStudioVersion = 10.0.40219.1
Project("{FAE04EC0-301F-11D3-BF4B-00C04F79EFBC}") = "readifc", "readifc\readifc.csproj", "{43B4A1F6-DA5C-4366-A13C-0CB5240661E4}"
EndProject
Global
	GlobalSection(SolutionConfigurationPlatforms) = preSolution
		Debug|Any CPU = Debug|Any CPU
		Release|Any CPU = Release|Any CPU
	EndGlobalSection
	GlobalSection(ProjectConfigurationPlatforms) = postSolution
		{43B4A1F6-DA5C-4366-A13C-0CB5240661E4}.Debug|Any CPU.ActiveCfg = Debug|Any CPU
		{43B4A1F6-DA5C-4366-A13C-0CB5240661E4}.Debug|Any CPU.Build.0 = Debug|Any CPU
		{43B4A1F6-DA5C-4366-A13C-0CB5240661E4}.Release|Any CPU.ActiveCfg = Release|Any CPU
		{43B4A1F6-DA5C-4366-A13C-0CB5240661E4}.Release|Any CPU.Build.0 = Release|Any CPU
	EndGlobalSection
	GlobalSection(SolutionProperties) = preSolution
		HideSolutionNode = FALSE
	EndGlobalSection
	GlobalSection(ExtensibilityGlobals) = postSolution
		SolutionGuid = {685757BB-4ABD-470F-B9C4-91BAB11670E3}
	EndGlobalSection
EndGlobal
